
Microsoft Visual Studio Solution File, Format Version 12.00
# Visual Studio Version 16
VisualStudioVersion = 16.0.29418.71
MinimumVisualStudioVersion = 10.0.40219.1
Project("{2150E333-8FDC-42A3-9474-1A3956D46DE8}") = "Solution Items", "Solution Items", "{1F91979B-6EFF-4726-842B-B72A8B56D135}"
	ProjectSection(SolutionItems) = preProject
		pack.nuspec = pack.nuspec
		..\README.md = ..\README.md
		..\Keycloak.NET.Client.Scripts\realm-export.json = ..\Keycloak.NET.Client.Scripts\realm-export.json
	EndProjectSection
EndProject
Project("{2150E333-8FDC-42A3-9474-1A3956D46DE8}") = "workflows", "workflows", "{808DA828-04AB-4B46-B18A-01E9399EEDA7}"
	ProjectSection(SolutionItems) = preProject
		..\.github\workflows\publish.yml = ..\.github\workflows\publish.yml
	EndProjectSection
EndProject
Project("{9A19103F-16F7-4668-BE54-9A1E7A4F7556}") = "Keycloak.NET.Client.FluentAPI", "Keycloak.NET.Client.FluentAPI\Keycloak.NET.Client.FluentAPI.csproj", "{E06CCDC4-7B00-4183-A734-9116E56BA94E}"
EndProject
Project("{9A19103F-16F7-4668-BE54-9A1E7A4F7556}") = "UT.Keycloak.NET.Client.FluentAPI", "..\UT.Keycloak.NET.Client.FluentAPI\UT.Keycloak.NET.Client.FluentAPI.csproj", "{FF699329-8AF0-49B0-A019-2A07F61772ED}"
EndProject
Global
	GlobalSection(SolutionConfigurationPlatforms) = preSolution
		Debug|Any CPU = Debug|Any CPU
		Release|Any CPU = Release|Any CPU
	EndGlobalSection
	GlobalSection(ProjectConfigurationPlatforms) = postSolution
		{E06CCDC4-7B00-4183-A734-9116E56BA94E}.Debug|Any CPU.ActiveCfg = Debug|Any CPU
		{E06CCDC4-7B00-4183-A734-9116E56BA94E}.Debug|Any CPU.Build.0 = Debug|Any CPU
		{E06CCDC4-7B00-4183-A734-9116E56BA94E}.Release|Any CPU.ActiveCfg = Release|Any CPU
		{E06CCDC4-7B00-4183-A734-9116E56BA94E}.Release|Any CPU.Build.0 = Release|Any CPU
		{FF699329-8AF0-49B0-A019-2A07F61772ED}.Debug|Any CPU.ActiveCfg = Debug|Any CPU
		{FF699329-8AF0-49B0-A019-2A07F61772ED}.Debug|Any CPU.Build.0 = Debug|Any CPU
		{FF699329-8AF0-49B0-A019-2A07F61772ED}.Release|Any CPU.ActiveCfg = Release|Any CPU
		{FF699329-8AF0-49B0-A019-2A07F61772ED}.Release|Any CPU.Build.0 = Release|Any CPU
	EndGlobalSection
	GlobalSection(SolutionProperties) = preSolution
		HideSolutionNode = FALSE
	EndGlobalSection
	GlobalSection(NestedProjects) = preSolution
		{808DA828-04AB-4B46-B18A-01E9399EEDA7} = {1F91979B-6EFF-4726-842B-B72A8B56D135}
	EndGlobalSection
	GlobalSection(ExtensibilityGlobals) = postSolution
		SolutionGuid = {8EE74894-2879-4F3E-934E-93404387B56D}
	EndGlobalSection
EndGlobal
